{
  "lockfile-version": 1,
  "manifest": {
    "version": 1,
    "install": {
      "cargo": {
        "pkg-path": "cargo",
        "pkg-group": "rust-toolchain"
      },
      "cargo-llvm-cov": {
        "pkg-path": "cargo-llvm-cov"
      },
      "clang": {
        "pkg-path": "clang",
        "systems": [
          "aarch64-darwin",
          "x86_64-darwin"
        ]
      },
      "clippy": {
        "pkg-path": "clippy",
        "pkg-group": "rust-toolchain"
      },
      "codeql": {
        "pkg-path": "codeql"
      },
      "colima": {
        "pkg-path": "colima",
        "systems": [
          "aarch64-darwin",
          "x86_64-darwin"
        ]
      },
      "docker": {
        "pkg-path": "docker",
        "systems": [
          "aarch64-darwin",
          "x86_64-darwin"
        ]
      },
      "gh": {
        "pkg-path": "gh"
      },
      "git": {
        "pkg-path": "git"
      },
      "libiconv": {
        "pkg-path": "libiconv",
        "systems": [
          "aarch64-darwin",
          "x86_64-darwin"
        ]
      },
      "llvm": {
        "pkg-path": "llvm"
      },
      "nodejs": {
        "pkg-path": "nodejs"
      },
      "pkg-config": {
        "pkg-path": "pkg-config"
      },
      "rust-analyzer": {
        "pkg-path": "rust-analyzer",
        "pkg-group": "rust-analyzer"
      },
      "rust-lib-src": {
        "pkg-path": "rustPlatform.rustLibSrc",
        "pkg-group": "rust-toolchain"
      },
      "rustc": {
        "pkg-path": "rustc",
        "pkg-group": "rust-toolchain"
      },
      "rustfmt": {
        "pkg-path": "rustfmt",
        "pkg-group": "rust-toolchain"
      }
    },
    "hook": {
      "on-activate": "  export PATH=\"$PWD/target/debug:$PATH\"\n"
    },
    "options": {
      "systems": [
        "aarch64-darwin",
        "x86_64-darwin"
      ],
      "allow": {
        "unfree": true
      }
    }
  },
  "packages": [
    {
      "attr_path": "rust-analyzer",
      "broken": false,
      "derivation": "/nix/store/r45r2g1hi7m1cfpm5sk057zd0l1jd799-rust-analyzer-2026-02-16.drv",
      "description": "Language server for the Rust language",
      "install_id": "rust-analyzer",
      "license": "[ MIT, Apache-2.0 ]",
      "locked_url": "https://github.com/flox/nixpkgs?rev=80bdc1e5ce51f56b19791b52b2901187931f5353",
      "name": "rust-analyzer-2026-02-16",
      "pname": "rust-analyzer",
      "rev": "80bdc1e5ce51f56b19791b52b2901187931f5353",
      "rev_count": 958232,
      "rev_date": "2026-03-04T11:34:51Z",
      "scrape_date": "2026-03-06T04:41:33.691103Z",
      "stabilities": [
        "unstable"
      ],
      "unfree": false,
      "version": "2026-02-16",
      "outputs_to_install": [
        "out"
      ],
      "outputs": {
        "out": "/nix/store/nz6l7l5kgf7dmgiq35b3pr00smcd39aj-rust-analyzer-2026-02-16"
      },
      "system": "aarch64-darwin",
      "group": "rust-analyzer",
      "priority": 5
    },
    {
      "attr_path": "rust-analyzer",
      "broken": false,
      "derivation": "/nix/store/nknzivakfi52vxagdykccb3bdz054g4k-rust-analyzer-2026-02-16.drv",
      "description": "Language server for the Rust language",
      "install_id": "rust-analyzer",
      "license": "[ MIT, Apache-2.0 ]",
      "locked_url": "https://github.com/flox/nixpkgs?rev=80bdc1e5ce51f56b19791b52b2901187931f5353",
      "name": "rust-analyzer-2026-02-16",
      "pname": "rust-analyzer",
      "rev": "80bdc1e5ce51f56b19791b52b2901187931f5353",
      "rev_count": 958232,
      "rev_date": "2026-03-04T11:34:51Z",
      "scrape_date": "2026-03-06T05:41:11.246246Z",
      "stabilities": [
        "unstable"
      ],
      "unfree": false,
      "version": "2026-02-16",
      "outputs_to_install": [
        "out"
      ],
      "outputs": {
        "out": "/nix/store/7zxbyg0cr4ajg1cnfdfahwhl37jl5jdg-rust-analyzer-2026-02-16"
      },
      "system": "x86_64-darwin",
      "group": "rust-analyzer",
      "priority": 5
    },
    {
      "attr_path": "cargo",
      "broken": false,
      "derivation": "/nix/store/qd6c3p04bgf555qcyilkjkzcmf03bpw2-cargo-1.93.0.drv",
      "description": "Downloads your Rust project's dependencies and builds your project",
      "install_id": "cargo",
      "license": "[ MIT, Apache-2.0 ]",
      "locked_url": "https://github.com/flox/nixpkgs?rev=80bdc1e5ce51f56b19791b52b2901187931f5353",
      "name": "cargo-1.93.0",
      "pname": "cargo",
      "rev": "80bdc1e5ce51f56b19791b52b2901187931f5353",
      "rev_count": 958232,
      "rev_date": "2026-03-04T11:34:51Z",
      "scrape_date": "2026-03-06T04:40:03.553206Z",
      "stabilities": [
        "unstable"
      ],
      "unfree": false,
      "version": "1.93.0",
      "outputs_to_install": [
        "out"
      ],
      "outputs": {
        "out": "/nix/store/v21x5yl04z0l303iz6ir5aqy9jzzrn76-cargo-1.93.0"
      },
      "system": "aarch64-darwin",
      "group": "rust-toolchain",
      "priority": 5
    },
    {
      "attr_path": "cargo",
      "broken": false,
      "derivation": "/nix/store/xvvxwvb3d1hqfz6jdqkxfcbhfzvvinws-cargo-1.93.0.drv",
      "description": "Downloads your Rust project's dependencies and builds your project",
      "install_id": "cargo",
      "license": "[ MIT, Apache-2.0 ]",
      "locked_url": "https://github.com/flox/nixpkgs?rev=80bdc1e5ce51f56b19791b52b2901187931f5353",
      "name": "cargo-1.93.0",
      "pname": "cargo",
      "rev": "80bdc1e5ce51f56b19791b52b2901187931f5353",
      "rev_count": 958232,
      "rev_date": "2026-03-04T11:34:51Z",
      "scrape_date": "2026-03-06T05:39:41.212851Z",
      "stabilities": [
        "unstable"
      ],
      "unfree": false,
      "version": "1.93.0",
      "outputs_to_install": [
        "out"
      ],
      "outputs": {
        "out": "/nix/store/js7zd17w17ha6na0qj2rb052rpgjm69l-cargo-1.93.0"
      },
      "system": "x86_64-darwin",
      "group": "rust-toolchain",
      "priority": 5
    },
    {
      "attr_path": "clippy",
      "broken": false,
      "derivation": "/nix/store/jqzydgd1a0hxj2jcm41zrzlimr5maw9s-clippy-1.93.0.drv",
      "description": "Bunch of lints to catch common mistakes and improve your Rust code",
      "install_id": "clippy",
      "license": "[ MIT, Apache-2.0 ]",
      "locked_url": "https://github.com/flox/nixpkgs?rev=80bdc1e5ce51f56b19791b52b2901187931f5353",
      "name": "clippy-1.93.0",
      "pname": "clippy",
      "rev": "80bdc1e5ce51f56b19791b52b2901187931f5353",
      "rev_count": 958232,
      "rev_date": "2026-03-04T11:34:51Z",
      "scrape_date": "2026-03-06T04:40:03.737688Z",
      "stabilities": [
        "unstable"
      ],
      "unfree": false,
      "version": "1.93.0",
      "outputs_to_install": [
        "out"
      ],
      "outputs": {
        "out": "/nix/store/xaqjf38v233s2i60jpjhv9akyd5zkw0m-clippy-1.93.0"
      },
      "system": "aarch64-darwin",
      "group": "rust-toolchain",
      "priority": 5
    },
    {
      "attr_path": "clippy",
      "broken": false,
      "derivation": "/nix/store/s47ag97s93cchbbcn5fad8xjx0gzj7bi-clippy-1.93.0.drv",
      "description": "Bunch of lints to catch common mistakes and improve your Rust code",
      "install_id": "clippy",
      "license": "[ MIT, Apache-2.0 ]",
      "locked_url": "https://github.com/flox/nixpkgs?rev=80bdc1e5ce51f56b19791b52b2901187931f5353",
      "name": "clippy-1.93.0",
      "pname": "clippy",
      "rev": "80bdc1e5ce51f56b19791b52b2901187931f5353",
      "rev_count": 958232,
      "rev_date": "2026-03-04T11:34:51Z",
      "scrape_date": "2026-03-06T05:39:41.396246Z",
      "stabilities": [
        "unstable"
      ],
      "unfree": false,
      "version": "1.93.0",
      "outputs_to_install": [
        "out"
      ],
      "outputs": {
        "out": "/nix/store/i3m6fpdk1n1nqbb5gqzyjsn1lksqp60b-clippy-1.93.0"
      },
      "system": "x86_64-darwin",
      "group": "rust-toolchain",
      "priority": 5
    },
    {
      "attr_path": "rustPlatform.rustLibSrc",
      "broken": false,
      "derivation": "/nix/store/7ydjaq89zd13zhv656gsz8myqyh469vx-rust-lib-src.drv",
      "install_id": "rust-lib-src",
      "locked_url": "https://github.com/flox/nixpkgs?rev=80bdc1e5ce51f56b19791b52b2901187931f5353",
      "name": "rust-lib-src",
      "pname": "rustLibSrc",
      "rev": "80bdc1e5ce51f56b19791b52b2901187931f5353",
      "rev_count": 958232,
      "rev_date": "2026-03-04T11:34:51Z",
      "scrape_date": "2026-03-06T04:42:44.224431Z",
      "stabilities": [
        "unstable"
      ],
      "unfree": false,
      "version": "rust-lib-src",
      "outputs_to_install": [
        "out"
      ],
      "outputs": {
        "out": "/nix/store/mfl3c8ckwk1cviaa2kgavlyhyvj7siab-rust-lib-src"
      },
      "system": "aarch64-darwin",
      "group": "rust-toolchain",
      "priority": 5
    },
    {
      "attr_path": "rustPlatform.rustLibSrc",
      "broken": false,
      "derivation": "/nix/store/3rqhch2qiz18xvvxb9qavwq08sb2bqsw-rust-lib-src.drv",
      "install_id": "rust-lib-src",
      "locked_url": "https://github.com/flox/nixpkgs?rev=80bdc1e5ce51f56b19791b52b2901187931f5353",
      "name": "rust-lib-src",
      "pname": "rustLibSrc",
      "rev": "80bdc1e5ce51f56b19791b52b2901187931f5353",
      "rev_count": 958232,
      "rev_date": "2026-03-04T11:34:51Z",
      "scrape_date": "2026-03-06T05:42:21.951162Z",
      "stabilities": [
        "unstable"
      ],
      "unfree": false,
      "version": "rust-lib-src",
      "outputs_to_install": [
        "out"
      ],
      "outputs": {
        "out": "/nix/store/gqmy70a3k7qfr6xi5rhzpx2a6ql79xr1-rust-lib-src"
      },
      "system": "x86_64-darwin",
      "group": "rust-toolchain",
      "priority": 5
    },
    {
      "attr_path": "rustc",
      "broken": false,
      "derivation": "/nix/store/ldp0ql08vjsyk3x9zsmk693jkmbx7q7p-rustc-wrapper-1.93.0.drv",
      "description": "Safe, concurrent, practical language (wrapper script)",
      "install_id": "rustc",
      "license": "[ MIT, Apache-2.0 ]",
      "locked_url": "https://github.com/flox/nixpkgs?rev=80bdc1e5ce51f56b19791b52b2901187931f5353",
      "name": "rustc-wrapper-1.93.0",
      "pname": "rustc",
      "rev": "80bdc1e5ce51f56b19791b52b2901187931f5353",
      "rev_count": 958232,
      "rev_date": "2026-03-04T11:34:51Z",
      "scrape_date": "2026-03-06T04:41:33.737884Z",
      "stabilities": [
        "unstable"
      ],
      "unfree": false,
      "version": "1.93.0",
      "outputs_to_install": [
        "man",
        "out"
      ],
      "outputs": {
        "doc": "/nix/store/cvfmwvv2cff024icpb1flb1dj65h0l7r-rustc-wrapper-1.93.0-doc",
        "man": "/nix/store/181zg8zlv5xcs0b42vbs0j48n7csihwn-rustc-wrapper-1.93.0-man",
        "out": "/nix/store/aw92hggrw3z08jhc7ayl3l5x5nwq89cn-rustc-wrapper-1.93.0"
      },
      "system": "aarch64-darwin",
      "group": "rust-toolchain",
      "priority": 5
    },
    {
      "attr_path": "rustc",
      "broken": false,
      "derivation": "/nix/store/d0dpv7jha9bkvvrdw548pk78fv9b3z2v-rustc-wrapper-1.93.0.drv",
      "description": "Safe, concurrent, practical language (wrapper script)",
      "install_id": "rustc",
      "license": "[ MIT, Apache-2.0 ]",
      "locked_url": "https://github.com/flox/nixpkgs?rev=80bdc1e5ce51f56b19791b52b2901187931f5353",
      "name": "rustc-wrapper-1.93.0",
      "pname": "rustc",
      "rev": "80bdc1e5ce51f56b19791b52b2901187931f5353",
      "rev_count": 958232,
      "rev_date": "2026-03-04T11:34:51Z",
      "scrape_date": "2026-03-06T05:41:11.292582Z",
      "stabilities": [
        "unstable"
      ],
      "unfree": false,
      "version": "1.93.0",
      "outputs_to_install": [
        "man",
        "out"
      ],
      "outputs": {
        "doc": "/nix/store/qnal9scf4rwq17qr0fvwqkashl6mi0g8-rustc-wrapper-1.93.0-doc",
        "man": "/nix/store/nwswdhsyiv342bvfhmfas3i0gdbr4b2b-rustc-wrapper-1.93.0-man",
        "out": "/nix/store/5vvf4xg0rqwkl9d4p2nx2nl1bpy2gq4w-rustc-wrapper-1.93.0"
      },
      "system": "x86_64-darwin",
      "group": "rust-toolchain",
      "priority": 5
    },
    {
      "attr_path": "rustfmt",
      "broken": false,
      "derivation": "/nix/store/y8l4dzvmqww89mnlh6v1kg69n0zgh17h-rustfmt-1.93.0.drv",
      "description": "Tool for formatting Rust code according to style guidelines",
      "install_id": "rustfmt",
      "license": "[ MIT, Apache-2.0 ]",
      "locked_url": "https://github.com/flox/nixpkgs?rev=80bdc1e5ce51f56b19791b52b2901187931f5353",
      "name": "rustfmt-1.93.0",
      "pname": "rustfmt",
      "rev": "80bdc1e5ce51f56b19791b52b2901187931f5353",
      "rev_count": 958232,
      "rev_date": "2026-03-04T11:34:51Z",
      "scrape_date": "2026-03-06T04:41:33.760045Z",
      "stabilities": [
        "unstable"
      ],
      "unfree": false,
      "version": "1.93.0",
      "outputs_to_install": [
        "out"
      ],
      "outputs": {
        "out": "/nix/store/9aq18v5y6ss8yrlfzqwrsq8j0ilm7mgp-rustfmt-1.93.0"
      },
      "system": "aarch64-darwin",
      "group": "rust-toolchain",
      "priority": 5
    },
    {
      "attr_path": "rustfmt",
      "broken": false,
      "derivation": "/nix/store/n6kdfsjr3yl0wllggnhkqg496kqx8f6x-rustfmt-1.93.0.drv",
      "description": "Tool for formatting Rust code according to style guidelines",
      "install_id": "rustfmt",
      "license": "[ MIT, Apache-2.0 ]",
      "locked_url": "https://github.com/flox/nixpkgs?rev=80bdc1e5ce51f56b19791b52b2901187931f5353",
      "name": "rustfmt-1.93.0",
      "pname": "rustfmt",
      "rev": "80bdc1e5ce51f56b19791b52b2901187931f5353",
      "rev_count": 958232,
      "rev_date": "2026-03-04T11:34:51Z",
      "scrape_date": "2026-03-06T05:41:11.314511Z",
      "stabilities": [
        "unstable"
      ],
      "unfree": false,
      "version": "1.93.0",
      "outputs_to_install": [
        "out"
      ],
      "outputs": {
        "out": "/nix/store/1ql1g2a253djjz10x019wii04d2dijjr-rustfmt-1.93.0"
      },
      "system": "x86_64-darwin",
      "group": "rust-toolchain",
      "priority": 5
    },
    {
      "attr_path": "cargo-llvm-cov",
      "broken": false,
      "derivation": "/nix/store/4dxcwqz83smb6syb1f48arpllb4gixjd-cargo-llvm-cov-0.8.3.drv",
      "description": "Cargo subcommand to easily use LLVM source-based code coverage",
      "install_id": "cargo-llvm-cov",
      "license": "[ Apache-2.0, MIT ]",
      "locked_url": "https://github.com/flox/nixpkgs?rev=80bdc1e5ce51f56b19791b52b2901187931f5353",
      "name": "cargo-llvm-cov-0.8.3",
      "pname": "cargo-llvm-cov",
      "rev": "80bdc1e5ce51f56b19791b52b2901187931f5353",
      "rev_count": 958232,
      "rev_date": "2026-03-04T11:34:51Z",
      "scrape_date": "2026-03-06T04:40:03.562665Z",
      "stabilities": [
        "unstable",
        "staging"
      ],
      "unfree": false,
      "version": "0.8.3",
      "outputs_to_install": [
        "out"
      ],
      "outputs": {
        "out": "/nix/store/bpwpy35xgm5hmqj7zqwi1p0v864m5p65-cargo-llvm-cov-0.8.3"
      },
      "system": "aarch64-darwin",
      "group": "toplevel",
      "priority": 5
    },
    {
      "attr_path": "cargo-llvm-cov",
      "broken": false,
      "derivation": "/nix/store/fwbkfb20aayrfk6agvmab4dcpw5iwvgx-cargo-llvm-cov-0.8.3.drv",
      "description": "Cargo subcommand to easily use LLVM source-based code coverage",
      "install_id": "cargo-llvm-cov",
      "license": "[ Apache-2.0, MIT ]",
      "locked_url": "https://github.com/flox/nixpkgs?rev=80bdc1e5ce51f56b19791b52b2901187931f5353",
      "name": "cargo-llvm-cov-0.8.3",
      "pname": "cargo-llvm-cov",
      "rev": "80bdc1e5ce51f56b19791b52b2901187931f5353",
      "rev_count": 958232,
      "rev_date": "2026-03-04T11:34:51Z",
      "scrape_date": "2026-03-06T05:39:41.222033Z",
      "stabilities": [
        "unstable",
        "staging"
      ],
      "unfree": false,
      "version": "0.8.3",
      "outputs_to_install": [
        "out"
      ],
      "outputs": {
        "out": "/nix/store/85rllsmy728jg82glyjj7cikf6r1ajn9-cargo-llvm-cov-0.8.3"
      },
      "system": "x86_64-darwin",
      "group": "toplevel",
      "priority": 5
    },
    {
      "attr_path": "clang",
      "broken": false,
      "derivation": "/nix/store/g0s697r7p0abvgnh2n2hcgmxc6gj84hk-clang-wrapper-21.1.8.drv",
      "description": "C language family frontend for LLVM (wrapper script)",
      "install_id": "clang",
      "license": "[ NCSA, Apache-2.0, LLVM-exception ]",
      "locked_url": "https://github.com/flox/nixpkgs?rev=80bdc1e5ce51f56b19791b52b2901187931f5353",
      "name": "clang-wrapper-21.1.8",
      "pname": "clang",
      "rev": "80bdc1e5ce51f56b19791b52b2901187931f5353",
      "rev_count": 958232,
      "rev_date": "2026-03-04T11:34:51Z",
      "scrape_date": "2026-03-06T04:40:03.725861Z",
      "stabilities": [
        "unstable",
        "staging"
      ],
      "unfree": false,
      "version": "21.1.8",
      "outputs_to_install": [
        "out"
      ],
      "outputs": {
        "out": "/nix/store/vl936sd1vj8s008akm3gibkgyqk30qhz-clang-wrapper-21.1.8"
      },
      "system": "aarch64-darwin",
      "group": "toplevel",
      "priority": 5
    },
    {
      "attr_path": "clang",
      "broken": false,
      "derivation": "/nix/store/fb274z4rf7v1100gg59lxb56q3rx0g34-clang-wrapper-21.1.8.drv",
      "description": "C language family frontend for LLVM (wrapper script)",
      "install_id": "clang",
      "license": "[ NCSA, Apache-2.0, LLVM-exception ]",
      "locked_url": "https://github.com/flox/nixpkgs?rev=80bdc1e5ce51f56b19791b52b2901187931f5353",
      "name": "clang-wrapper-21.1.8",
      "pname": "clang",
      "rev": "80bdc1e5ce51f56b19791b52b2901187931f5353",
      "rev_count": 958232,
      "rev_date": "2026-03-04T11:34:51Z",
      "scrape_date": "2026-03-06T05:39:41.384061Z",
      "stabilities": [
        "unstable",
        "staging"
      ],
      "unfree": false,
      "version": "21.1.8",
      "outputs_to_install": [
        "out"
      ],
      "outputs": {
        "out": "/nix/store/q1843vmrs211i2xb1x16220jq1s3m1nz-clang-wrapper-21.1.8"
      },
      "system": "x86_64-darwin",
      "group": "toplevel",
      "priority": 5
    },
    {
      "attr_path": "codeql",
      "broken": false,
      "derivation": "/nix/store/6vl9ck4cs2095jagpcgmv1max9j19ry1-codeql-2.24.2.drv",
      "description": "Semantic code analysis engine",
      "install_id": "codeql",
      "license": "Unfree",
      "locked_url": "https://github.com/flox/nixpkgs?rev=80bdc1e5ce51f56b19791b52b2901187931f5353",
      "name": "codeql-2.24.2",
      "pname": "codeql",
      "rev": "80bdc1e5ce51f56b19791b52b2901187931f5353",
      "rev_count": 958232,
      "rev_date": "2026-03-04T11:34:51Z",
      "scrape_date": "2026-03-06T04:40:03.768816Z",
      "stabilities": [
        "unstable",
        "staging"
      ],
      "unfree": true,
      "version": "2.24.2",
      "outputs_to_install": [
        "out"
      ],
      "outputs": {
        "out": "/nix/store/3bjiq4bb74mny0182khla041vi3mbyvk-codeql-2.24.2"
      },
      "system": "aarch64-darwin",
      "group": "toplevel",
      "priority": 5
    },
    {
      "attr_path": "codeql",
      "broken": false,
      "derivation": "/nix/store/vy2qrd4b75bzac76lskh1i3himkbmi3y-codeql-2.24.2.drv",
      "description": "Semantic code analysis engine",
      "install_id": "codeql",
      "license": "Unfree",
      "locked_url": "https://github.com/flox/nixpkgs?rev=80bdc1e5ce51f56b19791b52b2901187931f5353",
      "name": "codeql-2.24.2",
      "pname": "codeql",
      "rev": "80bdc1e5ce51f56b19791b52b2901187931f5353",
      "rev_count": 958232,
      "rev_date": "2026-03-04T11:34:51Z",
      "scrape_date": "2026-03-06T05:39:41.427741Z",
      "stabilities": [
        "unstable",
        "staging"
      ],
      "unfree": true,
      "version": "2.24.2",
      "outputs_to_install": [
        "out"
      ],
      "outputs": {
        "out": "/nix/store/0wjgaz1b5w8pngrdfr2lhcv486hbv388-codeql-2.24.2"
      },
      "system": "x86_64-darwin",
      "group": "toplevel",
      "priority": 5
    },
    {
      "attr_path": "colima",
      "broken": false,
      "derivation": "/nix/store/8l9mcpv2qcn015p20wwzavpm9kz8b64j-colima-0.10.1.drv",
      "description": "Container runtimes with minimal setup",
      "install_id": "colima",
      "license": "MIT",
      "locked_url": "https://github.com/flox/nixpkgs?rev=80bdc1e5ce51f56b19791b52b2901187931f5353",
      "name": "colima-0.10.1",
      "pname": "colima",
      "rev": "80bdc1e5ce51f56b19791b52b2901187931f5353",
      "rev_count": 958232,
      "rev_date": "2026-03-04T11:34:51Z",
      "scrape_date": "2026-03-06T04:40:03.773249Z",
      "stabilities": [
        "unstable",
        "staging"
      ],
      "unfree": false,
      "version": "0.10.1",
      "outputs_to_install": [
        "out"
      ],
      "outputs": {
        "out": "/nix/store/h26jglwa705dpnfzzjpf2n6km44fvv2w-colima-0.10.1"
      },
      "system": "aarch64-darwin",
      "group": "toplevel",
      "priority": 5
    },
    {
      "attr_path": "colima",
      "broken": false,
      "derivation": "/nix/store/v3i2212ari2akh4xz0mwnf3lx6y66w2r-colima-0.10.1.drv",
      "description": "Container runtimes with minimal setup",
      "install_id": "colima",
      "license": "MIT",
      "locked_url": "https://github.com/flox/nixpkgs?rev=80bdc1e5ce51f56b19791b52b2901187931f5353",
      "name": "colima-0.10.1",
      "pname": "colima",
      "rev": "80bdc1e5ce51f56b19791b52b2901187931f5353",
      "rev_count": 958232,
      "rev_date": "2026-03-04T11:34:51Z",
      "scrape_date": "2026-03-06T05:39:41.432589Z",
      "stabilities": [
        "unstable",
        "staging"
      ],
      "unfree": false,
      "version": "0.10.1",
      "outputs_to_install": [
        "out"
      ],
      "outputs": {
        "out": "/nix/store/rd0vqw2x0lh7j5cxz3mzhmm4wvfrwxfn-colima-0.10.1"
      },
      "system": "x86_64-darwin",
      "group": "toplevel",
      "priority": 5
    },
    {
      "attr_path": "docker",
      "broken": false,
      "derivation": "/nix/store/wwhvwnsr4lhg2r05cqlv463hyym21kvw-docker-29.2.1.drv",
      "description": "Open source project to pack, ship and run any application as a lightweight container",
      "install_id": "docker",
      "license": "Apache-2.0",
      "locked_url": "https://github.com/flox/nixpkgs?rev=80bdc1e5ce51f56b19791b52b2901187931f5353",
      "name": "docker-29.2.1",
      "pname": "docker",
      "rev": "80bdc1e5ce51f56b19791b52b2901187931f5353",
      "rev_count": 958232,
      "rev_date": "2026-03-04T11:34:51Z",
      "scrape_date": "2026-03-06T04:40:04.080187Z",
      "stabilities": [
        "unstable",
        "staging"
      ],
      "unfree": false,
      "version": "29.2.1",
      "outputs_to_install": [
        "out"
      ],
      "outputs": {
        "out": "/nix/store/3m9b097l6m26jjxpsjl2wz51fh48f58w-docker-29.2.1"
      },
      "system": "aarch64-darwin",
      "group": "toplevel",
      "priority": 5
    },
    {
      "attr_path": "docker",
      "broken": false,
      "derivation": "/nix/store/4syvz588cbsq4q49a7j0g0f9g37p8wxv-docker-29.2.1.drv",
      "description": "Open source project to pack, ship and run any application as a lightweight container",
      "install_id": "docker",
      "license": "Apache-2.0",
      "locked_url": "https://github.com/flox/nixpkgs?rev=80bdc1e5ce51f56b19791b52b2901187931f5353",
      "name": "docker-29.2.1",
      "pname": "docker",
      "rev": "80bdc1e5ce51f56b19791b52b2901187931f5353",
      "rev_count": 958232,
      "rev_date": "2026-03-04T11:34:51Z",
      "scrape_date": "2026-03-06T05:39:41.663802Z",
      "stabilities": [
        "unstable",
        "staging"
      ],
      "unfree": false,
      "version": "29.2.1",
      "outputs_to_install": [
        "out"
      ],
      "outputs": {
        "out": "/nix/store/alfdw28kq3cnkmfpjq7abgxl13292sn6-docker-29.2.1"
      },
      "system": "x86_64-darwin",
      "group": "toplevel",
      "priority": 5
    },
    {
      "attr_path": "gh",
      "broken": false,
      "derivation": "/nix/store/qnd318p7pdy6bwrsmr88590xj2gb1d81-gh-2.87.3.drv",
      "description": "GitHub CLI tool",
      "install_id": "gh",
      "license": "MIT",
      "locked_url": "https://github.com/flox/nixpkgs?rev=80bdc1e5ce51f56b19791b52b2901187931f5353",
      "name": "gh-2.87.3",
      "pname": "gh",
      "rev": "80bdc1e5ce51f56b19791b52b2901187931f5353",
      "rev_count": 958232,
      "rev_date": "2026-03-04T11:34:51Z",
      "scrape_date": "2026-03-06T04:40:04.638464Z",
      "stabilities": [
        "unstable",
        "staging"
      ],
      "unfree": false,
      "version": "2.87.3",
      "outputs_to_install": [
        "out"
      ],
      "outputs": {
        "out": "/nix/store/gkpngbiz6fys2nsxgxcd454j4ph78wxb-gh-2.87.3"
      },
      "system": "aarch64-darwin",
      "group": "toplevel",
      "priority": 5
    },
    {
      "attr_path": "gh",
      "broken": false,
      "derivation": "/nix/store/y1i1y5fbmc50bd2nh2xkllcwl3xifpdg-gh-2.87.3.drv",
      "description": "GitHub CLI tool",
      "install_id": "gh",
      "license": "MIT",
      "locked_url": "https://github.com/flox/nixpkgs?rev=80bdc1e5ce51f56b19791b52b2901187931f5353",
      "name": "gh-2.87.3",
      "pname": "gh",
      "rev": "80bdc1e5ce51f56b19791b52b2901187931f5353",
      "rev_count": 958232,
      "rev_date": "2026-03-04T11:34:51Z",
      "scrape_date": "2026-03-06T05:39:42.185034Z",
      "stabilities": [
        "unstable",
        "staging"
      ],
      "unfree": false,
      "version": "2.87.3",
      "outputs_to_install": [
        "out"
      ],
      "outputs": {
        "out": "/nix/store/b7cbk3r89jy5xgcvyd5nf087bbyljl9v-gh-2.87.3"
      },
      "system": "x86_64-darwin",
      "group": "toplevel",
      "priority": 5
    },
    {
      "attr_path": "git",
      "broken": false,
      "derivation": "/nix/store/px52gd5zflyc3f7iz3j6dxm9fsxfcm6f-git-2.53.0.drv",
      "description": "Distributed version control system",
      "install_id": "git",
      "license": "GPL-2.0",
      "locked_url": "https://github.com/flox/nixpkgs?rev=80bdc1e5ce51f56b19791b52b2901187931f5353",
      "name": "git-2.53.0",
      "pname": "git",
      "rev": "80bdc1e5ce51f56b19791b52b2901187931f5353",
      "rev_count": 958232,
      "rev_date": "2026-03-04T11:34:51Z",
      "scrape_date": "2026-03-06T04:40:04.669595Z",
      "stabilities": [
        "unstable",
        "staging"
      ],
      "unfree": false,
      "version": "2.53.0",
      "outputs_to_install": [
        "out"
      ],
      "outputs": {
        "doc": "/nix/store/lgbyzfz2j1j7g47331i5684765akl38m-git-2.53.0-doc",
        "out": "/nix/store/rfbzyqcygzpyh5ncb79n07x8bhws2pq3-git-2.53.0"
      },
      "system": "aarch64-darwin",
      "group": "toplevel",
      "priority": 5
    },
    {
      "attr_path": "git",
      "broken": false,
      "derivation": "/nix/store/3xpin1lqyy6xhhsni5pskh5kbw78xh9l-git-2.53.0.drv",
      "description": "Distributed version control system",
      "install_id": "git",
      "license": "GPL-2.0",
      "locked_url": "https://github.com/flox/nixpkgs?rev=80bdc1e5ce51f56b19791b52b2901187931f5353",
      "name": "git-2.53.0",
      "pname": "git",
      "rev": "80bdc1e5ce51f56b19791b52b2901187931f5353",
      "rev_count": 958232,
      "rev_date": "2026-03-04T11:34:51Z",
      "scrape_date": "2026-03-06T05:39:42.217406Z",
      "stabilities": [
        "unstable",
        "staging"
      ],
      "unfree": false,
      "version": "2.53.0",
      "outputs_to_install": [
        "out"
      ],
      "outputs": {
        "doc": "/nix/store/0wx1wdjy7imyv7cp6p6m2l17ycq7n3q4-git-2.53.0-doc",
        "out": "/nix/store/bmddbpv896f9rgnm0835434qjiqh1psc-git-2.53.0"
      },
      "system": "x86_64-darwin",
      "group": "toplevel",
      "priority": 5
    },
    {
      "attr_path": "libiconv",
      "broken": false,
      "derivation": "/nix/store/01razx8n66vxmn4h8ycx48ibkq5xrwdz-libiconv-109.100.2.drv",
      "description": "Iconv(3) implementation",
      "install_id": "libiconv",
      "license": "[ BSD-2-Clause, BSD-3-Clause, APSL-1.0 ]",
      "locked_url": "https://github.com/flox/nixpkgs?rev=80bdc1e5ce51f56b19791b52b2901187931f5353",
      "name": "libiconv-109.100.2",
      "pname": "libiconv",
      "rev": "80bdc1e5ce51f56b19791b52b2901187931f5353",
      "rev_count": 958232,
      "rev_date": "2026-03-04T11:34:51Z",
      "scrape_date": "2026-03-06T04:40:21.182767Z",
      "stabilities": [
        "unstable",
        "staging"
      ],
      "unfree": false,
      "version": "109.100.2",
      "outputs_to_install": [
        "out",
        "out",
        "out"
      ],
      "outputs": {
        "dev": "/nix/store/gkyk559bh4zzxh0wfvzqi6zj3rdn0d9q-libiconv-109.100.2-dev",
        "out": "/nix/store/ik1b3z19bgk8lagf461zq222kxrpdynb-libiconv-109.100.2"
      },
      "system": "aarch64-darwin",
      "group": "toplevel",
      "priority": 5
    },
    {
      "attr_path": "libiconv",
      "broken": false,
      "derivation": "/nix/store/3f61zk4g7jyabcy6d80jrykmfznznazs-libiconv-109.100.2.drv",
      "description": "Iconv(3) implementation",
      "install_id": "libiconv",
      "license": "[ BSD-2-Clause, BSD-3-Clause, APSL-1.0 ]",
      "locked_url": "https://github.com/flox/nixpkgs?rev=80bdc1e5ce51f56b19791b52b2901187931f5353",
      "name": "libiconv-109.100.2",
      "pname": "libiconv",
      "rev": "80bdc1e5ce51f56b19791b52b2901187931f5353",
      "rev_count": 958232,
      "rev_date": "2026-03-04T11:34:51Z",
      "scrape_date": "2026-03-06T05:39:58.741158Z",
      "stabilities": [
        "unstable",
        "staging"
      ],
      "unfree": false,
      "version": "109.100.2",
      "outputs_to_install": [
        "out"
      ],
      "outputs": {
        "dev": "/nix/store/5bwhjr63kxw3vbjs3qi03nw43xl4cvy0-libiconv-109.100.2-dev",
        "out": "/nix/store/m6k3gjsdqrnjyrakkv7005lpf33zxj9f-libiconv-109.100.2"
      },
      "system": "x86_64-darwin",
      "group": "toplevel",
      "priority": 5
    },
    {
      "attr_path": "llvm",
      "broken": false,
      "derivation": "/nix/store/l7bvygv8smabgb4gidhwvxm1vcqm8b7b-llvm-21.1.8.drv",
      "description": "Collection of modular and reusable compiler and toolchain technologies",
      "install_id": "llvm",
      "license": "[ NCSA, Apache-2.0, LLVM-exception ]",
      "locked_url": "https://github.com/flox/nixpkgs?rev=80bdc1e5ce51f56b19791b52b2901187931f5353",
      "name": "llvm-21.1.8",
      "pname": "llvm",
      "rev": "80bdc1e5ce51f56b19791b52b2901187931f5353",
      "rev_count": 958232,
      "rev_date": "2026-03-04T11:34:51Z",
      "scrape_date": "2026-03-06T04:40:22.388407Z",
      "stabilities": [
        "unstable",
        "staging"
      ],
      "unfree": false,
      "version": "21.1.8",
      "outputs_to_install": [
        "out"
      ],
      "outputs": {
        "dev": "/nix/store/d3cxzbxgc4d5rx608c5kis89ym54bl5i-llvm-21.1.8-dev",
        "lib": "/nix/store/225wp7066qa3v33bw76hzlh386qfn5y7-llvm-21.1.8-lib",
        "out": "/nix/store/8w308r33lb6d0ijmypa802v6dvyswkcj-llvm-21.1.8",
        "python": "/nix/store/cbqajgq06ailrg2m7isf2z0xfcim9fmn-llvm-21.1.8-python"
      },
      "system": "aarch64-darwin",
      "group": "toplevel",
      "priority": 5
    },
    {
      "attr_path": "llvm",
      "broken": false,
      "derivation": "/nix/store/70r6g25v3v9y9yykvs4hpv4qg88dh5ai-llvm-21.1.8.drv",
      "description": "Collection of modular and reusable compiler and toolchain technologies",
      "install_id": "llvm",
      "license": "[ NCSA, Apache-2.0, LLVM-exception ]",
      "locked_url": "https://github.com/flox/nixpkgs?rev=80bdc1e5ce51f56b19791b52b2901187931f5353",
      "name": "llvm-21.1.8",
      "pname": "llvm",
      "rev": "80bdc1e5ce51f56b19791b52b2901187931f5353",
      "rev_count": 958232,
      "rev_date": "2026-03-04T11:34:51Z",
      "scrape_date": "2026-03-06T05:39:59.951646Z",
      "stabilities": [
        "unstable",
        "staging"
      ],
      "unfree": false,
      "version": "21.1.8",
      "outputs_to_install": [
        "out"
      ],
      "outputs": {
        "dev": "/nix/store/2ykacfbqd7462bapcgbq335gxbjhad8r-llvm-21.1.8-dev",
        "lib": "/nix/store/caczl629k3p7slsnh0f277n7qmy0nvb0-llvm-21.1.8-lib",
        "out": "/nix/store/xr01y2hxsjqi30g8fkz5pbr768h3r4yd-llvm-21.1.8",
        "python": "/nix/store/ypg1wv12k90k9b7xvdsjnhkhmlfrdcla-llvm-21.1.8-python"
      },
      "system": "x86_64-darwin",
      "group": "toplevel",
      "priority": 5
    },
    {
      "attr_path": "nodejs",
      "broken": false,
      "derivation": "/nix/store/4r8pl1c0vr0wmvng3jpnajgd37cnxfcl-nodejs-24.13.0.drv",
      "description": "Event-driven I/O framework for the V8 JavaScript engine",
      "install_id": "nodejs",
      "license": "MIT",
      "locked_url": "https://github.com/flox/nixpkgs?rev=80bdc1e5ce51f56b19791b52b2901187931f5353",
      "name": "nodejs-24.13.0",
      "pname": "nodejs",
      "rev": "80bdc1e5ce51f56b19791b52b2901187931f5353",
      "rev_count": 958232,
      "rev_date": "2026-03-04T11:34:51Z",
      "scrape_date": "2026-03-06T04:40:27.483694Z",
      "stabilities": [
        "unstable",
        "staging"
      ],
      "unfree": false,
      "version": "24.13.0",
      "outputs_to_install": [
        "out",
        "out"
      ],
      "outputs": {
        "out": "/nix/store/cx0jd5mwhn7ihryyv0qp9d33f8s1iwb7-nodejs-24.13.0"
      },
      "system": "aarch64-darwin",
      "group": "toplevel",
      "priority": 5
    },
    {
      "attr_path": "nodejs",
      "broken": false,
      "derivation": "/nix/store/0ymmyc8xzrbn2psvx4phljpqzs8r9z72-nodejs-24.13.0.drv",
      "description": "Event-driven I/O framework for the V8 JavaScript engine",
      "install_id": "nodejs",
      "license": "MIT",
      "locked_url": "https://github.com/flox/nixpkgs?rev=80bdc1e5ce51f56b19791b52b2901187931f5353",
      "name": "nodejs-24.13.0",
      "pname": "nodejs",
      "rev": "80bdc1e5ce51f56b19791b52b2901187931f5353",
      "rev_count": 958232,
      "rev_date": "2026-03-04T11:34:51Z",
      "scrape_date": "2026-03-06T05:40:05.213815Z",
      "stabilities": [
        "unstable",
        "staging"
      ],
      "unfree": false,
      "version": "24.13.0",
      "outputs_to_install": [
        "out"
      ],
      "outputs": {
        "out": "/nix/store/i9bak02hsrywwba0apxdn7ldvkf9jl6a-nodejs-24.13.0"
      },
      "system": "x86_64-darwin",
      "group": "toplevel",
      "priority": 5
    },
    {
      "attr_path": "pkg-config",
      "broken": false,
      "derivation": "/nix/store/dk4pknsy3qyfp636w8fs4cgaz08pdh9i-pkg-config-wrapper-0.29.2.drv",
      "description": "Tool that allows packages to find out information about other packages (wrapper script)",
      "install_id": "pkg-config",
      "license": "GPL-2.0-or-later",
      "locked_url": "https://github.com/flox/nixpkgs?rev=80bdc1e5ce51f56b19791b52b2901187931f5353",
      "name": "pkg-config-wrapper-0.29.2",
      "pname": "pkg-config",
      "rev": "80bdc1e5ce51f56b19791b52b2901187931f5353",
      "rev_count": 958232,
      "rev_date": "2026-03-04T11:34:51Z",
      "scrape_date": "2026-03-06T04:40:40.922680Z",
      "stabilities": [
        "unstable",
        "staging"
      ],
      "unfree": false,
      "version": "0.29.2",
      "outputs_to_install": [
        "man",
        "out"
      ],
      "outputs": {
        "doc": "/nix/store/cqnljpwngva1kkx5b19b71j291j3wfmv-pkg-config-wrapper-0.29.2-doc",
        "man": "/nix/store/aw3iz07i5svbh9vagw9wf6skdblbj2bi-pkg-config-wrapper-0.29.2-man",
        "out": "/nix/store/s854fasrcpcj8x7bc0hnh9wpjgfcbwvh-pkg-config-wrapper-0.29.2"
      },
      "system": "aarch64-darwin",
      "group": "toplevel",
      "priority": 5
    },
    {
      "attr_path": "pkg-config",
      "broken": false,
      "derivation": "/nix/store/f4xn9llxfzfrlgwg2z05d2qy9p102ip8-pkg-config-wrapper-0.29.2.drv",
      "description": "Tool that allows packages to find out information about other packages (wrapper script)",
      "install_id": "pkg-config",
      "license": "GPL-2.0-or-later",
      "locked_url": "https://github.com/flox/nixpkgs?rev=80bdc1e5ce51f56b19791b52b2901187931f5353",
      "name": "pkg-config-wrapper-0.29.2",
      "pname": "pkg-config",
      "rev": "80bdc1e5ce51f56b19791b52b2901187931f5353",
      "rev_count": 958232,
      "rev_date": "2026-03-04T11:34:51Z",
      "scrape_date": "2026-03-06T05:40:18.836593Z",
      "stabilities": [
        "unstable",
        "staging"
      ],
      "unfree": false,
      "version": "0.29.2",
      "outputs_to_install": [
        "man",
        "out"
      ],
      "outputs": {
        "doc": "/nix/store/i6dayp8k249nxsx08asabpl6zamixkl2-pkg-config-wrapper-0.29.2-doc",
        "man": "/nix/store/4szfswmsvsbj95q1j3cwyk1z69arbw8j-pkg-config-wrapper-0.29.2-man",
        "out": "/nix/store/pnsvg8avfh2nym8zg4h72qp31a710jaw-pkg-config-wrapper-0.29.2"
      },
      "system": "x86_64-darwin",
      "group": "toplevel",
      "priority": 5
    }
  ]
}
